
Microsoft Visual Studio Solution File, Format Version 12.00
# Visual Studio 15
VisualStudioVersion = 15.0.28010.2019
MinimumVisualStudioVersion = 10.0.40219.1
Project("{FAE04EC0-301F-11D3-BF4B-00C04F79EFBC}") = "CallHelloAPI", "CallHelloAPI\CallHelloAPI.csproj", "{0DC405DA-9C25-460C-848F-0DDAE7999486}"
EndProject
Global
	GlobalSection(SolutionConfigurationPlatforms) = preSolution
		Debug|Any CPU = Debug|Any CPU
		Release|Any CPU = Release|Any CPU
	EndGlobalSection
	GlobalSection(ProjectConfigurationPlatforms) = postSolution
		{0DC405DA-9C25-460C-848F-0DDAE7999486}.Debug|Any CPU.ActiveCfg = Debug|Any CPU
		{0DC405DA-9C25-460C-848F-0DDAE7999486}.Debug|Any CPU.Build.0 = Debug|Any CPU
		{0DC405DA-9C25-460C-848F-0DDAE7999486}.Release|Any CPU.ActiveCfg = Release|Any CPU
		{0DC405DA-9C25-460C-848F-0DDAE7999486}.Release|Any CPU.Build.0 = Release|Any CPU
	EndGlobalSection
	GlobalSection(SolutionProperties) = preSolution
		HideSolutionNode = FALSE
	EndGlobalSection
	GlobalSection(ExtensibilityGlobals) = postSolution
		SolutionGuid = {23003768-F48B-46AF-8376-06B800F8A8CD}
	EndGlobalSection
EndGlobal
